#MicroXplorer Configuration settings - do not modify
Dma.Request0=USART3_RX
Dma.Request1=USART3_TX
Dma.Request2=UART4_RX
Dma.Request3=UART4_TX
Dma.RequestsNb=4
Dma.UART4_RX.2.Direction=DMA_PERIPH_TO_MEMORY
Dma.UART4_RX.2.EventEnable=DISABLE
Dma.UART4_RX.2.Instance=DMA1_Channel3
Dma.UART4_RX.2.MemDataAlignment=DMA_MDATAALIGN_BYTE
Dma.UART4_RX.2.MemInc=DMA_MINC_ENABLE
Dma.UART4_RX.2.Mode=DMA_CIRCULAR
Dma.UART4_RX.2.PeriphDataAlignment=DMA_PDATAALIGN_BYTE
Dma.UART4_RX.2.PeriphInc=DMA_PINC_DISABLE
Dma.UART4_RX.2.Polarity=HAL_DMAMUX_REQUEST_GEN_RISING
Dma.UART4_RX.2.Priority=DMA_PRIORITY_LOW
Dma.UART4_RX.2.RequestNumber=1
Dma.UART4_RX.2.RequestParameters=Instance,Direction,PeriphInc,MemInc,PeriphDataAlignment,MemDataAlignment,Mode,Priority,SignalID,Polarity,RequestNumber,SyncSignalID,SyncPolarity,SyncEnable,EventEnable,SyncRequestNumber
Dma.UART4_RX.2.SignalID=NONE
Dma.UART4_RX.2.SyncEnable=DISABLE
Dma.UART4_RX.2.SyncPolarity=HAL_DMAMUX_SYNC_NO_EVENT
Dma.UART4_RX.2.SyncRequestNumber=1
Dma.UART4_RX.2.SyncSignalID=NONE
Dma.UART4_TX.3.Direction=DMA_MEMORY_TO_PERIPH
Dma.UART4_TX.3.EventEnable=DISABLE
Dma.UART4_TX.3.Instance=DMA1_Channel4
Dma.UART4_TX.3.MemDataAlignment=DMA_MDATAALIGN_BYTE
Dma.UART4_TX.3.MemInc=DMA_MINC_ENABLE
Dma.UART4_TX.3.Mode=DMA_NORMAL
Dma.UART4_TX.3.PeriphDataAlignment=DMA_PDATAALIGN_BYTE
Dma.UART4_TX.3.PeriphInc=DMA_PINC_DISABLE
Dma.UART4_TX.3.Polarity=HAL_DMAMUX_REQUEST_GEN_RISING
Dma.UART4_TX.3.Priority=DMA_PRIORITY_LOW
Dma.UART4_TX.3.RequestNumber=1
Dma.UART4_TX.3.RequestParameters=Instance,Direction,PeriphInc,MemInc,PeriphDataAlignment,MemDataAlignment,Mode,Priority,SignalID,Polarity,RequestNumber,SyncSignalID,SyncPolarity,SyncEnable,EventEnable,SyncRequestNumber
Dma.UART4_TX.3.SignalID=NONE
Dma.UART4_TX.3.SyncEnable=DISABLE
Dma.UART4_TX.3.SyncPolarity=HAL_DMAMUX_SYNC_NO_EVENT
Dma.UART4_TX.3.SyncRequestNumber=1
Dma.UART4_TX.3.SyncSignalID=NONE
Dma.USART3_RX.0.Direction=DMA_PERIPH_TO_MEMORY
Dma.USART3_RX.0.EventEnable=DISABLE
Dma.USART3_RX.0.Instance=DMA1_Channel1
Dma.USART3_RX.0.MemDataAlignment=DMA_MDATAALIGN_BYTE
Dma.USART3_RX.0.MemInc=DMA_MINC_ENABLE
Dma.USART3_RX.0.Mode=DMA_CIRCULAR
Dma.USART3_RX.0.PeriphDataAlignment=DMA_PDATAALIGN_BYTE
Dma.USART3_RX.0.PeriphInc=DMA_PINC_DISABLE
Dma.USART3_RX.0.Polarity=HAL_DMAMUX_REQUEST_GEN_RISING
Dma.USART3_RX.0.Priority=DMA_PRIORITY_LOW
Dma.USART3_RX.0.RequestNumber=1
Dma.USART3_RX.0.RequestParameters=Instance,Direction,PeriphInc,MemInc,PeriphDataAlignment,MemDataAlignment,Mode,Priority,SignalID,Polarity,RequestNumber,SyncSignalID,SyncPolarity,SyncEnable,EventEnable,SyncRequestNumber
Dma.USART3_RX.0.SignalID=NONE
Dma.USART3_RX.0.SyncEnable=DISABLE
Dma.USART3_RX.0.SyncPolarity=HAL_DMAMUX_SYNC_NO_EVENT
Dma.USART3_RX.0.SyncRequestNumber=1
Dma.USART3_RX.0.SyncSignalID=NONE
Dma.USART3_TX.1.Direction=DMA_MEMORY_TO_PERIPH
Dma.USART3_TX.1.EventEnable=DISABLE
Dma.USART3_TX.1.Instance=DMA1_Channel2
Dma.USART3_TX.1.MemDataAlignment=DMA_MDATAALIGN_BYTE
Dma.USART3_TX.1.MemInc=DMA_MINC_ENABLE
Dma.USART3_TX.1.Mode=DMA_NORMAL
Dma.USART3_TX.1.PeriphDataAlignment=DMA_PDATAALIGN_BYTE
Dma.USART3_TX.1.PeriphInc=DMA_PINC_DISABLE
Dma.USART3_TX.1.Polarity=HAL_DMAMUX_REQUEST_GEN_RISING
Dma.USART3_TX.1.Priority=DMA_PRIORITY_LOW
Dma.USART3_TX.1.RequestNumber=1
Dma.USART3_TX.1.RequestParameters=Instance,Direction,PeriphInc,MemInc,PeriphDataAlignment,MemDataAlignment,Mode,Priority,SignalID,Polarity,RequestNumber,SyncSignalID,SyncPolarity,SyncEnable,EventEnable,SyncRequestNumber
Dma.USART3_TX.1.SignalID=NONE
Dma.USART3_TX.1.SyncEnable=DISABLE
Dma.USART3_TX.1.SyncPolarity=HAL_DMAMUX_SYNC_NO_EVENT
Dma.USART3_TX.1.SyncRequestNumber=1
Dma.USART3_TX.1.SyncSignalID=NONE
FREERTOS.IPParameters=Tasks01
FREERTOS.Tasks01=defaultTask,0,128,StartDefaultTask,Default,NULL,Dynamic,NULL,NULL
File.Version=6
GPIO.groupedBy=Group By Peripherals
KeepUserPlacement=false
Mcu.Family=STM32L4
Mcu.IP0=DMA
Mcu.IP1=FREERTOS
Mcu.IP10=USART3
Mcu.IP2=I2C1
Mcu.IP3=NVIC
Mcu.IP4=RCC
Mcu.IP5=SPI1
Mcu.IP6=SYS
Mcu.IP7=UART4
Mcu.IP8=USART1
Mcu.IP9=USART2
Mcu.IPNb=11
Mcu.Name=STM32L4S5VITx
Mcu.Package=LQFP100
Mcu.Pin0=PC13
Mcu.Pin1=PA0
Mcu.Pin10=PC5
Mcu.Pin11=PB0
Mcu.Pin12=PB1
Mcu.Pin13=PB2
Mcu.Pin14=PD14
Mcu.Pin15=PA15 (JTDI)
Mcu.Pin16=PB4 (NJTRST)
Mcu.Pin17=PB6
Mcu.Pin18=PB7
Mcu.Pin19=PB8
Mcu.Pin2=PA1
Mcu.Pin20=PB9
Mcu.Pin21=VP_FREERTOS_VS_CMSIS_V1
Mcu.Pin22=VP_SYS_VS_tim6
Mcu.Pin3=PA2
Mcu.Pin4=PA3
Mcu.Pin5=PA4
Mcu.Pin6=PA5
Mcu.Pin7=PA6
Mcu.Pin8=PA7
Mcu.Pin9=PC4
Mcu.PinsNb=23
Mcu.ThirdPartyNb=0
Mcu.UserConstants=
Mcu.UserName=STM32L4S5VITx
MxCube.Version=6.1.0
MxDb.Version=DB.6.0.10
NVIC.BusFault_IRQn=true\:0\:0\:false\:false\:true\:false\:false\:false
NVIC.DMA1_Channel1_IRQn=true\:5\:0\:false\:false\:true\:true\:false\:true
NVIC.DMA1_Channel2_IRQn=true\:5\:0\:false\:false\:true\:true\:false\:true
NVIC.DMA1_Channel3_IRQn=true\:5\:0\:false\:false\:true\:true\:false\:true
NVIC.DMA1_Channel4_IRQn=true\:5\:0\:false\:false\:true\:true\:false\:true
NVIC.DebugMonitor_IRQn=true\:0\:0\:false\:false\:true\:false\:false\:false
NVIC.EXTI15_10_IRQn=true\:5\:0\:false\:false\:true\:true\:true\:true
NVIC.ForceEnableDMAVector=true
NVIC.HardFault_IRQn=true\:0\:0\:false\:false\:true\:false\:false\:false
NVIC.MemoryManagement_IRQn=true\:0\:0\:false\:false\:true\:false\:false\:false
NVIC.NonMaskableInt_IRQn=true\:0\:0\:false\:false\:true\:false\:false\:false
NVIC.PendSV_IRQn=true\:15\:0\:false\:false\:false\:true\:false\:false
NVIC.PriorityGroup=NVIC_PRIORITYGROUP_4
NVIC.SVCall_IRQn=true\:0\:0\:false\:false\:false\:false\:false\:false
NVIC.SavedPendsvIrqHandlerGenerated=true
NVIC.SavedSvcallIrqHandlerGenerated=true
NVIC.SavedSystickIrqHandlerGenerated=true
NVIC.SysTick_IRQn=true\:15\:0\:false\:false\:false\:true\:false\:true
NVIC.TIM6_DAC_IRQn=true\:0\:0\:false\:false\:true\:false\:false\:true
NVIC.TimeBase=TIM6_DAC_IRQn
NVIC.TimeBaseIP=TIM6
NVIC.UART4_IRQn=true\:5\:0\:false\:false\:true\:true\:true\:true
NVIC.USART1_IRQn=true\:5\:0\:false\:false\:true\:true\:true\:true
NVIC.USART3_IRQn=true\:5\:0\:false\:false\:true\:true\:true\:true
NVIC.UsageFault_IRQn=true\:0\:0\:false\:false\:true\:false\:false\:false
PA0.GPIOParameters=GPIO_Label
PA0.GPIO_Label=CO2_TX
PA0.Mode=Asynchronous
PA0.Signal=UART4_TX
PA1.GPIOParameters=GPIO_Label
PA1.GPIO_Label=CO2_RX
PA1.Mode=Asynchronous
PA1.Signal=UART4_RX
PA15\ (JTDI).GPIOParameters=GPIO_Label
PA15\ (JTDI).GPIO_Label=RED
PA15\ (JTDI).Locked=true
PA15\ (JTDI).Signal=GPIO_Output
PA2.Locked=true
PA2.Mode=Asynchronous
PA2.Signal=USART2_TX
PA3.Locked=true
PA3.Mode=Asynchronous
PA3.Signal=USART2_RX
PA4.GPIOParameters=PinState,GPIO_PuPd,GPIO_Label
PA4.GPIO_Label=SCE
PA4.GPIO_PuPd=GPIO_PULLUP
PA4.Locked=true
PA4.PinState=GPIO_PIN_SET
PA4.Signal=GPIO_Output
PA5.Mode=Full_Duplex_Master
PA5.Signal=SPI1_SCK
PA6.Mode=Full_Duplex_Master
PA6.Signal=SPI1_MISO
PA7.Mode=Full_Duplex_Master
PA7.Signal=SPI1_MOSI
PB0.GPIOParameters=GPIO_Label
PB0.GPIO_Label=PIR
PB0.Locked=true
PB0.Signal=GPIO_Input
PB1.GPIOParameters=GPIO_Label
PB1.GPIO_Label=GREEN
PB1.Locked=true
PB1.Signal=GPIO_Output
PB2.GPIOParameters=GPIO_Label
PB2.GPIO_Label=Relay
PB2.Locked=true
PB2.Signal=GPIO_Output
PB4\ (NJTRST).GPIOParameters=GPIO_Label
PB4\ (NJTRST).GPIO_Label=YELLOW
PB4\ (NJTRST).Locked=true
PB4\ (NJTRST).Signal=GPIO_Output
PB6.Locked=true
PB6.Mode=Asynchronous
PB6.Signal=USART1_TX
PB7.Locked=true
PB7.Mode=Asynchronous
PB7.Signal=USART1_RX
PB8.Mode=I2C
PB8.Signal=I2C1_SCL
PB9.Mode=I2C
PB9.Signal=I2C1_SDA
PC13.GPIOParameters=GPIO_Label
PC13.GPIO_Label=URBTN
PC13.Locked=true
PC13.Signal=GPXTI13
PC4.Mode=Asynchronous
PC4.Signal=USART3_TX
PC5.Mode=Asynchronous
PC5.Signal=USART3_RX
PD14.GPIOParameters=GPIO_Label
PD14.GPIO_Label=Relay2
PD14.Locked=true
PD14.Signal=GPIO_Output
PinOutPanel.RotationAngle=0
ProjectManager.AskForMigrate=true
ProjectManager.BackupPrevious=false
ProjectManager.CompilerOptimize=6
ProjectManager.ComputerToolchain=false
ProjectManager.CoupleFile=true
ProjectManager.CustomerFirmwarePackage=
ProjectManager.DefaultFWLocation=true
ProjectManager.DeletePrevious=true
ProjectManager.DeviceId=STM32L4S5VITx
ProjectManager.FirmwarePackage=STM32Cube FW_L4 V1.16.0
ProjectManager.FreePins=false
ProjectManager.HalAssertFull=false
ProjectManager.HeapSize=0x200
ProjectManager.KeepUserCode=true
ProjectManager.LastFirmware=true
ProjectManager.LibraryCopy=1
ProjectManager.MainLocation=Core/Src
ProjectManager.NoMain=false
ProjectManager.PreviousToolchain=
ProjectManager.ProjectBuild=false
ProjectManager.ProjectFileName=L4S5VI.ioc
ProjectManager.ProjectName=L4S5VI
ProjectManager.RegisterCallBack=
ProjectManager.StackSize=0x400
ProjectManager.TargetToolchain=STM32CubeIDE
ProjectManager.ToolChainLocation=
ProjectManager.UnderRoot=true
ProjectManager.functionlistsort=1-MX_GPIO_Init-GPIO-false-HAL-true,2-MX_DMA_Init-DMA-false-HAL-true,3-SystemClock_Config-RCC-false-HAL-false,4-MX_UART4_Init-UART4-false-HAL-true,5-MX_USART1_UART_Init-USART1-false-HAL-true,6-MX_USART3_UART_Init-USART3-false-HAL-true,7-MX_I2C1_Init-I2C1-false-HAL-true,8-MX_USART2_UART_Init-USART2-false-HAL-true,9-MX_SPI1_Init-SPI1-false-HAL-true
RCC.CRSFreq_Value=48000000
RCC.FamilyName=M
RCC.HSE_VALUE=8000000
RCC.HSI48_VALUE=48000000
RCC.HSI_VALUE=16000000
RCC.IPParameters=CRSFreq_Value,FamilyName,HSE_VALUE,HSI48_VALUE,HSI_VALUE,LCDTFTFreq_Value,LSCOPinFreq_Value,LSE_VALUE,LSI_VALUE,MSI_VALUE,PLLPoutputFreq_Value,PLLQoutputFreq_Value,PLLRCLKFreq_Value,PLLSAI1PoutputFreq_Value,PLLSAI1QoutputFreq_Value,PLLSAI1RoutputFreq_Value,PLLSAI2PoutputFreq_Value,PLLSAI2QoutputFreq_Value,PLLSAI2RoutputFreq_Value,SAI1Freq_Value,SAI2Freq_Value,VCOInput2Freq_Value,VCOInput3Freq_Value,VCOInputFreq_Value,VCOOutputFreq_Value,VCOSAI1OutputFreq_Value,VCOSAI2OutputFreq_Value
RCC.LCDTFTFreq_Value=8000000
RCC.LSCOPinFreq_Value=32000
RCC.LSE_VALUE=32768
RCC.LSI_VALUE=32000
RCC.MSI_VALUE=4000000
RCC.PLLPoutputFreq_Value=16000000
RCC.PLLQoutputFreq_Value=16000000
RCC.PLLRCLKFreq_Value=16000000
RCC.PLLSAI1PoutputFreq_Value=16000000
RCC.PLLSAI1QoutputFreq_Value=16000000
RCC.PLLSAI1RoutputFreq_Value=16000000
RCC.PLLSAI2PoutputFreq_Value=16000000
RCC.PLLSAI2QoutputFreq_Value=16000000
RCC.PLLSAI2RoutputFreq_Value=16000000
RCC.SAI1Freq_Value=16000000
RCC.SAI2Freq_Value=16000000
RCC.VCOInput2Freq_Value=4000000
RCC.VCOInput3Freq_Value=4000000
RCC.VCOInputFreq_Value=4000000
RCC.VCOOutputFreq_Value=32000000
RCC.VCOSAI1OutputFreq_Value=32000000
RCC.VCOSAI2OutputFreq_Value=32000000
SH.GPXTI13.0=GPIO_EXTI13
SH.GPXTI13.ConfNb=1
SPI1.BaudRatePrescaler=SPI_BAUDRATEPRESCALER_128
SPI1.CLKPhase=SPI_PHASE_2EDGE
SPI1.CLKPolarity=SPI_POLARITY_HIGH
SPI1.CalculateBaudRate=31.25 KBits/s
SPI1.DataSize=SPI_DATASIZE_8BIT
SPI1.Direction=SPI_DIRECTION_2LINES
SPI1.IPParameters=VirtualType,Mode,Direction,CalculateBaudRate,DataSize,BaudRatePrescaler,CLKPolarity,CLKPhase
SPI1.Mode=SPI_MODE_MASTER
SPI1.VirtualType=VM_MASTER
UART4.BaudRate=38400
UART4.IPParameters=BaudRate
USART1.IPParameters=VirtualMode-Asynchronous
USART1.VirtualMode-Asynchronous=VM_ASYNC
USART2.IPParameters=VirtualMode-Asynchronous
USART2.VirtualMode-Asynchronous=VM_ASYNC
USART3.BaudRate=9600
USART3.IPParameters=VirtualMode-Asynchronous,BaudRate
USART3.VirtualMode-Asynchronous=VM_ASYNC
VP_FREERTOS_VS_CMSIS_V1.Mode=CMSIS_V1
VP_FREERTOS_VS_CMSIS_V1.Signal=FREERTOS_VS_CMSIS_V1
VP_SYS_VS_tim6.Mode=TIM6
VP_SYS_VS_tim6.Signal=SYS_VS_tim6
board=custom
isbadioc=false
